// !$*UTF8*$!
{
	archiveVersion = 1;
	classes = {
	};
	objectVersion = 50;
	objects = {

/* Begin PBXBuildFile section */
		6567041022CFBBA600F74919 /* MovieController.swift in Sources */ = {isa = PBXBuildFile; fileRef = 6567040F22CFBBA600F74919 /* MovieController.swift */; };
		657ACA4922CF6D47002B6163 /* MovieTableViewCell.swift in Sources */ = {isa = PBXBuildFile; fileRef = 657ACA4822CF6D47002B6163 /* MovieTableViewCell.swift */; };
		657ACA4E22CFB735002B6163 /* AddMovieFormViewController.swift in Sources */ = {isa = PBXBuildFile; fileRef = 657ACA4D22CFB735002B6163 /* AddMovieFormViewController.swift */; };
		65A268C522D2268D00159469 /* Constants.swift in Sources */ = {isa = PBXBuildFile; fileRef = 65A268C422D2268D00159469 /* Constants.swift */; };
		65A268C722D3611300159469 /* KeyboardLayoutConstraint.swift in Sources */ = {isa = PBXBuildFile; fileRef = 65A268C622D3611200159469 /* KeyboardLayoutConstraint.swift */; };
		65DD33C722CCFAE30004E671 /* AppDelegate.swift in Sources */ = {isa = PBXBuildFile; fileRef = 65DD33C622CCFAE30004E671 /* AppDelegate.swift */; };
		65DD33C922CCFAE30004E671 /* ViewController.swift in Sources */ = {isa = PBXBuildFile; fileRef = 65DD33C822CCFAE30004E671 /* ViewController.swift */; };
		65DD33CC22CCFAE30004E671 /* Main.storyboard in Resources */ = {isa = PBXBuildFile; fileRef = 65DD33CA22CCFAE30004E671 /* Main.storyboard */; };
		65DD33CE22CCFAE40004E671 /* Assets.xcassets in Resources */ = {isa = PBXBuildFile; fileRef = 65DD33CD22CCFAE40004E671 /* Assets.xcassets */; };
		65DD33D122CCFAE40004E671 /* LaunchScreen.storyboard in Resources */ = {isa = PBXBuildFile; fileRef = 65DD33CF22CCFAE40004E671 /* LaunchScreen.storyboard */; };
		65DD33DC22CCFAE40004E671 /* WhatchitTests.swift in Sources */ = {isa = PBXBuildFile; fileRef = 65DD33DB22CCFAE40004E671 /* WhatchitTests.swift */; };
		65DD33E722CCFAE40004E671 /* WhatchitUITests.swift in Sources */ = {isa = PBXBuildFile; fileRef = 65DD33E622CCFAE40004E671 /* WhatchitUITests.swift */; };
		65DD33F622CD092A0004E671 /* Movie.swift in Sources */ = {isa = PBXBuildFile; fileRef = 65DD33F522CD092A0004E671 /* Movie.swift */; };
/* End PBXBuildFile section */

/* Begin PBXContainerItemProxy section */
		65DD33D822CCFAE40004E671 /* PBXContainerItemProxy */ = {
			isa = PBXContainerItemProxy;
			containerPortal = 65DD33BB22CCFAE20004E671 /* Project object */;
			proxyType = 1;
			remoteGlobalIDString = 65DD33C222CCFAE30004E671;
			remoteInfo = Whatchit;
		};
		65DD33E322CCFAE40004E671 /* PBXContainerItemProxy */ = {
			isa = PBXContainerItemProxy;
			containerPortal = 65DD33BB22CCFAE20004E671 /* Project object */;
			proxyType = 1;
			remoteGlobalIDString = 65DD33C222CCFAE30004E671;
			remoteInfo = Whatchit;
		};
/* End PBXContainerItemProxy section */

/* Begin PBXFileReference section */
		6567040F22CFBBA600F74919 /* MovieController.swift */ = {isa = PBXFileReference; lastKnownFileType = sourcecode.swift; path = MovieController.swift; sourceTree = "<group>"; };
		657ACA4822CF6D47002B6163 /* MovieTableViewCell.swift */ = {isa = PBXFileReference; lastKnownFileType = sourcecode.swift; path = MovieTableViewCell.swift; sourceTree = "<group>"; };
		657ACA4D22CFB735002B6163 /* AddMovieFormViewController.swift */ = {isa = PBXFileReference; lastKnownFileType = sourcecode.swift; path = AddMovieFormViewController.swift; sourceTree = "<group>"; };
		65A268C422D2268D00159469 /* Constants.swift */ = {isa = PBXFileReference; lastKnownFileType = sourcecode.swift; path = Constants.swift; sourceTree = "<group>"; };
		65A268C622D3611200159469 /* KeyboardLayoutConstraint.swift */ = {isa = PBXFileReference; fileEncoding = 4; lastKnownFileType = sourcecode.swift; path = KeyboardLayoutConstraint.swift; sourceTree = "<group>"; };
		65DD33C322CCFAE30004E671 /* Whatchit.app */ = {isa = PBXFileReference; explicitFileType = wrapper.application; includeInIndex = 0; path = Whatchit.app; sourceTree = BUILT_PRODUCTS_DIR; };
		65DD33C622CCFAE30004E671 /* AppDelegate.swift */ = {isa = PBXFileReference; lastKnownFileType = sourcecode.swift; path = AppDelegate.swift; sourceTree = "<group>"; };
		65DD33C822CCFAE30004E671 /* ViewController.swift */ = {isa = PBXFileReference; lastKnownFileType = sourcecode.swift; path = ViewController.swift; sourceTree = "<group>"; };
		65DD33CB22CCFAE30004E671 /* Base */ = {isa = PBXFileReference; lastKnownFileType = file.storyboard; name = Base; path = Base.lproj/Main.storyboard; sourceTree = "<group>"; };
		65DD33CD22CCFAE40004E671 /* Assets.xcassets */ = {isa = PBXFileReference; lastKnownFileType = folder.assetcatalog; path = Assets.xcassets; sourceTree = "<group>"; };
		65DD33D022CCFAE40004E671 /* Base */ = {isa = PBXFileReference; lastKnownFileType = file.storyboard; name = Base; path = Base.lproj/LaunchScreen.storyboard; sourceTree = "<group>"; };
		65DD33D222CCFAE40004E671 /* Info.plist */ = {isa = PBXFileReference; lastKnownFileType = text.plist.xml; path = Info.plist; sourceTree = "<group>"; };
		65DD33D722CCFAE40004E671 /* WhatchitTests.xctest */ = {isa = PBXFileReference; explicitFileType = wrapper.cfbundle; includeInIndex = 0; path = WhatchitTests.xctest; sourceTree = BUILT_PRODUCTS_DIR; };
		65DD33DB22CCFAE40004E671 /* WhatchitTests.swift */ = {isa = PBXFileReference; lastKnownFileType = sourcecode.swift; path = WhatchitTests.swift; sourceTree = "<group>"; };
		65DD33DD22CCFAE40004E671 /* Info.plist */ = {isa = PBXFileReference; lastKnownFileType = text.plist.xml; path = Info.plist; sourceTree = "<group>"; };
		65DD33E222CCFAE40004E671 /* WhatchitUITests.xctest */ = {isa = PBXFileReference; explicitFileType = wrapper.cfbundle; includeInIndex = 0; path = WhatchitUITests.xctest; sourceTree = BUILT_PRODUCTS_DIR; };
		65DD33E622CCFAE40004E671 /* WhatchitUITests.swift */ = {isa = PBXFileReference; lastKnownFileType = sourcecode.swift; path = WhatchitUITests.swift; sourceTree = "<group>"; };
		65DD33E822CCFAE40004E671 /* Info.plist */ = {isa = PBXFileReference; lastKnownFileType = text.plist.xml; path = Info.plist; sourceTree = "<group>"; };
		65DD33F522CD092A0004E671 /* Movie.swift */ = {isa = PBXFileReference; lastKnownFileType = sourcecode.swift; path = Movie.swift; sourceTree = "<group>"; };
/* End PBXFileReference section */

/* Begin PBXFrameworksBuildPhase section */
		65DD33C022CCFAE30004E671 /* Frameworks */ = {
			isa = PBXFrameworksBuildPhase;
			buildActionMask = 2147483647;
			files = (
			);
			runOnlyForDeploymentPostprocessing = 0;
		};
		65DD33D422CCFAE40004E671 /* Frameworks */ = {
			isa = PBXFrameworksBuildPhase;
			buildActionMask = 2147483647;
			files = (
			);
			runOnlyForDeploymentPostprocessing = 0;
		};
		65DD33DF22CCFAE40004E671 /* Frameworks */ = {
			isa = PBXFrameworksBuildPhase;
			buildActionMask = 2147483647;
			files = (
			);
			runOnlyForDeploymentPostprocessing = 0;
		};
/* End PBXFrameworksBuildPhase section */

/* Begin PBXGroup section */
		6567040E22CFBB8E00F74919 /* Controllers */ = {
			isa = PBXGroup;
			children = (
				6567040F22CFBBA600F74919 /* MovieController.swift */,
			);
			path = Controllers;
			sourceTree = "<group>";
		};
		657ACA4722CF6D13002B6163 /* TableCells */ = {
			isa = PBXGroup;
			children = (
				657ACA4822CF6D47002B6163 /* MovieTableViewCell.swift */,
			);
			path = TableCells;
			sourceTree = "<group>";
		};
		657ACA4A22CF8FCC002B6163 /* ViewControllers */ = {
			isa = PBXGroup;
			children = (
				65DD33C822CCFAE30004E671 /* ViewController.swift */,
				657ACA4D22CFB735002B6163 /* AddMovieFormViewController.swift */,
			);
			path = ViewControllers;
			sourceTree = "<group>";
		};
		65A268C322D2267D00159469 /* Utilities */ = {
			isa = PBXGroup;
			children = (
				65A268C622D3611200159469 /* KeyboardLayoutConstraint.swift */,
				65A268C422D2268D00159469 /* Constants.swift */,
			);
			path = Utilities;
			sourceTree = "<group>";
		};
		65DD33BA22CCFAE20004E671 = {
			isa = PBXGroup;
			children = (
				65DD33C522CCFAE30004E671 /* Whatchit */,
				65DD33DA22CCFAE40004E671 /* WhatchitTests */,
				65DD33E522CCFAE40004E671 /* WhatchitUITests */,
				65DD33C422CCFAE30004E671 /* Products */,
			);
			sourceTree = "<group>";
		};
		65DD33C422CCFAE30004E671 /* Products */ = {
			isa = PBXGroup;
			children = (
				65DD33C322CCFAE30004E671 /* Whatchit.app */,
				65DD33D722CCFAE40004E671 /* WhatchitTests.xctest */,
				65DD33E222CCFAE40004E671 /* WhatchitUITests.xctest */,
			);
			name = Products;
			sourceTree = "<group>";
		};
		65DD33C522CCFAE30004E671 /* Whatchit */ = {
			isa = PBXGroup;
			children = (
				65A268C322D2267D00159469 /* Utilities */,
				6567040E22CFBB8E00F74919 /* Controllers */,
				657ACA4722CF6D13002B6163 /* TableCells */,
				65DD33F422CD09160004E671 /* Models */,
				657ACA4A22CF8FCC002B6163 /* ViewControllers */,
				65DD33C622CCFAE30004E671 /* AppDelegate.swift */,
				65DD33CA22CCFAE30004E671 /* Main.storyboard */,
				65DD33CD22CCFAE40004E671 /* Assets.xcassets */,
				65DD33CF22CCFAE40004E671 /* LaunchScreen.storyboard */,
				65DD33D222CCFAE40004E671 /* Info.plist */,
			);
			path = Whatchit;
			sourceTree = "<group>";
		};
		65DD33DA22CCFAE40004E671 /* WhatchitTests */ = {
			isa = PBXGroup;
			children = (
				65DD33DB22CCFAE40004E671 /* WhatchitTests.swift */,
				65DD33DD22CCFAE40004E671 /* Info.plist */,
			);
			path = WhatchitTests;
			sourceTree = "<group>";
		};
		65DD33E522CCFAE40004E671 /* WhatchitUITests */ = {
			isa = PBXGroup;
			children = (
				65DD33E622CCFAE40004E671 /* WhatchitUITests.swift */,
				65DD33E822CCFAE40004E671 /* Info.plist */,
			);
			path = WhatchitUITests;
			sourceTree = "<group>";
		};
		65DD33F422CD09160004E671 /* Models */ = {
			isa = PBXGroup;
			children = (
				65DD33F522CD092A0004E671 /* Movie.swift */,
			);
			path = Models;
			sourceTree = "<group>";
		};
/* End PBXGroup section */

/* Begin PBXNativeTarget section */
		65DD33C222CCFAE30004E671 /* Whatchit */ = {
			isa = PBXNativeTarget;
			buildConfigurationList = 65DD33EB22CCFAE40004E671 /* Build configuration list for PBXNativeTarget "Whatchit" */;
			buildPhases = (
				65DD33BF22CCFAE30004E671 /* Sources */,
				65DD33C022CCFAE30004E671 /* Frameworks */,
				65DD33C122CCFAE30004E671 /* Resources */,
			);
			buildRules = (
			);
			dependencies = (
			);
			name = Whatchit;
			productName = Whatchit;
			productReference = 65DD33C322CCFAE30004E671 /* Whatchit.app */;
			productType = "com.apple.product-type.application";
		};
		65DD33D622CCFAE40004E671 /* WhatchitTests */ = {
			isa = PBXNativeTarget;
			buildConfigurationList = 65DD33EE22CCFAE40004E671 /* Build configuration list for PBXNativeTarget "WhatchitTests" */;
			buildPhases = (
				65DD33D322CCFAE40004E671 /* Sources */,
				65DD33D422CCFAE40004E671 /* Frameworks */,
				65DD33D522CCFAE40004E671 /* Resources */,
			);
			buildRules = (
			);
			dependencies = (
				65DD33D922CCFAE40004E671 /* PBXTargetDependency */,
			);
			name = WhatchitTests;
			productName = WhatchitTests;
			productReference = 65DD33D722CCFAE40004E671 /* WhatchitTests.xctest */;
			productType = "com.apple.product-type.bundle.unit-test";
		};
		65DD33E122CCFAE40004E671 /* WhatchitUITests */ = {
			isa = PBXNativeTarget;
			buildConfigurationList = 65DD33F122CCFAE40004E671 /* Build configuration list for PBXNativeTarget "WhatchitUITests" */;
			buildPhases = (
				65DD33DE22CCFAE40004E671 /* Sources */,
				65DD33DF22CCFAE40004E671 /* Frameworks */,
				65DD33E022CCFAE40004E671 /* Resources */,
			);
			buildRules = (
			);
			dependencies = (
				65DD33E422CCFAE40004E671 /* PBXTargetDependency */,
			);
			name = WhatchitUITests;
			productName = WhatchitUITests;
			productReference = 65DD33E222CCFAE40004E671 /* WhatchitUITests.xctest */;
			productType = "com.apple.product-type.bundle.ui-testing";
		};
/* End PBXNativeTarget section */

/* Begin PBXProject section */
		65DD33BB22CCFAE20004E671 /* Project object */ = {
			isa = PBXProject;
			attributes = {
				LastSwiftUpdateCheck = 1010;
				LastUpgradeCheck = 1010;
				ORGANIZATIONNAME = "Amal Elgalant";
				TargetAttributes = {
					65DD33C222CCFAE30004E671 = {
						CreatedOnToolsVersion = 10.1;
					};
					65DD33D622CCFAE40004E671 = {
						CreatedOnToolsVersion = 10.1;
						TestTargetID = 65DD33C222CCFAE30004E671;
					};
					65DD33E122CCFAE40004E671 = {
						CreatedOnToolsVersion = 10.1;
						TestTargetID = 65DD33C222CCFAE30004E671;
					};
				};
			};
			buildConfigurationList = 65DD33BE22CCFAE20004E671 /* Build configuration list for PBXProject "Whatchit" */;
			compatibilityVersion = "Xcode 9.3";
			developmentRegion = en;
			hasScannedForEncodings = 0;
			knownRegions = (
				en,
				Base,
			);
			mainGroup = 65DD33BA22CCFAE20004E671;
			productRefGroup = 65DD33C422CCFAE30004E671 /* Products */;
			projectDirPath = "";
			projectRoot = "";
			targets = (
				65DD33C222CCFAE30004E671 /* Whatchit */,
				65DD33D622CCFAE40004E671 /* WhatchitTests */,
				65DD33E122CCFAE40004E671 /* WhatchitUITests */,
			);
		};
/* End PBXProject section */

/* Begin PBXResourcesBuildPhase section */
		65DD33C122CCFAE30004E671 /* Resources */ = {
			isa = PBXResourcesBuildPhase;
			buildActionMask = 2147483647;
			files = (
				65DD33D122CCFAE40004E671 /* LaunchScreen.storyboard in Resources */,
				65DD33CE22CCFAE40004E671 /* Assets.xcassets in Resources */,
				65DD33CC22CCFAE30004E671 /* Main.storyboard in Resources */,
			);
			runOnlyForDeploymentPostprocessing = 0;
		};
		65DD33D522CCFAE40004E671 /* Resources */ = {
			isa = PBXResourcesBuildPhase;
			buildActionMask = 2147483647;
			files = (
			);
			runOnlyForDeploymentPostprocessing = 0;
		};
		65DD33E022CCFAE40004E671 /* Resources */ = {
			isa = PBXResourcesBuildPhase;
			buildActionMask = 2147483647;
			files = (
			);
			runOnlyForDeploymentPostprocessing = 0;
		};
/* End PBXResourcesBuildPhase section */

/* Begin PBXSourcesBuildPhase section */
		65DD33BF22CCFAE30004E671 /* Sources */ = {
			isa = PBXSourcesBuildPhase;
			buildActionMask = 2147483647;
			files = (
				6567041022CFBBA600F74919 /* MovieController.swift in Sources */,
				65DD33C922CCFAE30004E671 /* ViewController.swift in Sources */,
				65DD33C722CCFAE30004E671 /* AppDelegate.swift in Sources */,
				657ACA4922CF6D47002B6163 /* MovieTableViewCell.swift in Sources */,
				65A268C522D2268D00159469 /* Constants.swift in Sources */,
				65A268C722D3611300159469 /* KeyboardLayoutConstraint.swift in Sources */,
				65DD33F622CD092A0004E671 /* Movie.swift in Sources */,
				657ACA4E22CFB735002B6163 /* AddMovieFormViewController.swift in Sources */,
			);
			runOnlyForDeploymentPostprocessing = 0;
		};
		65DD33D322CCFAE40004E671 /* Sources */ = {
			isa = PBXSourcesBuildPhase;
			buildActionMask = 2147483647;
			files = (
				65DD33DC22CCFAE40004E671 /* WhatchitTests.swift in Sources */,
			);
			runOnlyForDeploymentPostprocessing = 0;
		};
		65DD33DE22CCFAE40004E671 /* Sources */ = {
			isa = PBXSourcesBuildPhase;
			buildActionMask = 2147483647;
			files = (
				65DD33E722CCFAE40004E671 /* WhatchitUITests.swift in Sources */,
			);
			runOnlyForDeploymentPostprocessing = 0;
		};
/* End PBXSourcesBuildPhase section */

/* Begin PBXTargetDependency section */
		65DD33D922CCFAE40004E671 /* PBXTargetDependency */ = {
			isa = PBXTargetDependency;
			target = 65DD33C222CCFAE30004E671 /* Whatchit */;
			targetProxy = 65DD33D822CCFAE40004E671 /* PBXContainerItemProxy */;
		};
		65DD33E422CCFAE40004E671 /* PBXTargetDependency */ = {
			isa = PBXTargetDependency;
			target = 65DD33C222CCFAE30004E671 /* Whatchit */;
			targetProxy = 65DD33E322CCFAE40004E671 /* PBXContainerItemProxy */;
		};
/* End PBXTargetDependency section */

/* Begin PBXVariantGroup section */
		65DD33CA22CCFAE30004E671 /* Main.storyboard */ = {
			isa = PBXVariantGroup;
			children = (
				65DD33CB22CCFAE30004E671 /* Base */,
			);
			name = Main.storyboard;
			sourceTree = "<group>";
		};
		65DD33CF22CCFAE40004E671 /* LaunchScreen.storyboard */ = {
			isa = PBXVariantGroup;
			children = (
				65DD33D022CCFAE40004E671 /* Base */,
			);
			name = LaunchScreen.storyboard;
			sourceTree = "<group>";
		};
/* End PBXVariantGroup section */

/* Begin XCBuildConfiguration section */
		65DD33E922CCFAE40004E671 /* Debug */ = {
			isa = XCBuildConfiguration;
			buildSettings = {
				ALWAYS_SEARCH_USER_PATHS = NO;
				CLANG_ANALYZER_NONNULL = YES;
				CLANG_ANALYZER_NUMBER_OBJECT_CONVERSION = YES_AGGRESSIVE;
				CLANG_CXX_LANGUAGE_STANDARD = "gnu++14";
				CLANG_CXX_LIBRARY = "libc++";
				CLANG_ENABLE_MODULES = YES;
				CLANG_ENABLE_OBJC_ARC = YES;
				CLANG_ENABLE_OBJC_WEAK = YES;
				CLANG_WARN_BLOCK_CAPTURE_AUTORELEASING = YES;
				CLANG_WARN_BOOL_CONVERSION = YES;
				CLANG_WARN_COMMA = YES;
				CLANG_WARN_CONSTANT_CONVERSION = YES;
				CLANG_WARN_DEPRECATED_OBJC_IMPLEMENTATIONS = YES;
				CLANG_WARN_DIRECT_OBJC_ISA_USAGE = YES_ERROR;
				CLANG_WARN_DOCUMENTATION_COMMENTS = YES;
				CLANG_WARN_EMPTY_BODY = YES;
				CLANG_WARN_ENUM_CONVERSION = YES;
				CLANG_WARN_INFINITE_RECURSION = YES;
				CLANG_WARN_INT_CONVERSION = YES;
				CLANG_WARN_NON_LITERAL_NULL_CONVERSION = YES;
				CLANG_WARN_OBJC_IMPLICIT_RETAIN_SELF = YES;
				CLANG_WARN_OBJC_LITERAL_CONVERSION = YES;
				CLANG_WARN_OBJC_ROOT_CLASS = YES_ERROR;
				CLANG_WARN_RANGE_LOOP_ANALYSIS = YES;
				CLANG_WARN_STRICT_PROTOTYPES = YES;
				CLANG_WARN_SUSPICIOUS_MOVE = YES;
				CLANG_WARN_UNGUARDED_AVAILABILITY = YES_AGGRESSIVE;
				CLANG_WARN_UNREACHABLE_CODE = YES;
				CLANG_WARN__DUPLICATE_METHOD_MATCH = YES;
				CODE_SIGN_IDENTITY = "iPhone Developer";
				COPY_PHASE_STRIP = NO;
				DEBUG_INFORMATION_FORMAT = dwarf;
				ENABLE_STRICT_OBJC_MSGSEND = YES;
				ENABLE_TESTABILITY = YES;
				GCC_C_LANGUAGE_STANDARD = gnu11;
				GCC_DYNAMIC_NO_PIC = NO;
				GCC_NO_COMMON_BLOCKS = YES;
				GCC_OPTIMIZATION_LEVEL = 0;
				GCC_PREPROCESSOR_DEFINITIONS = (
					"DEBUG=1",
					"$(inherited)",
				);
				GCC_WARN_64_TO_32_BIT_CONVERSION = YES;
				GCC_WARN_ABOUT_RETURN_TYPE = YES_ERROR;
				GCC_WARN_UNDECLARED_SELECTOR = YES;
				GCC_WARN_UNINITIALIZED_AUTOS = YES_AGGRESSIVE;
				GCC_WARN_UNUSED_FUNCTION = YES;
				GCC_WARN_UNUSED_VARIABLE = YES;
				IPHONEOS_DEPLOYMENT_TARGET = 12.1;
				MTL_ENABLE_DEBUG_INFO = INCLUDE_SOURCE;
				MTL_FAST_MATH = YES;
				ONLY_ACTIVE_ARCH = YES;
				SDKROOT = iphoneos;
				SWIFT_ACTIVE_COMPILATION_CONDITIONS = DEBUG;
				SWIFT_OPTIMIZATION_LEVEL = "-Onone";
			};
			name = Debug;
		};
		65DD33EA22CCFAE40004E671 /* Release */ = {
			isa = XCBuildConfiguration;
			buildSettings = {
				ALWAYS_SEARCH_USER_PATHS = NO;
				CLANG_ANALYZER_NONNULL = YES;
				CLANG_ANALYZER_NUMBER_OBJECT_CONVERSION = YES_AGGRESSIVE;
				CLANG_CXX_LANGUAGE_STANDARD = "gnu++14";
				CLANG_CXX_LIBRARY = "libc++";
				CLANG_ENABLE_MODULES = YES;
				CLANG_ENABLE_OBJC_ARC = YES;
				CLANG_ENABLE_OBJC_WEAK = YES;
				CLANG_WARN_BLOCK_CAPTURE_AUTORELEASING = YES;
				CLANG_WARN_BOOL_CONVERSION = YES;
				CLANG_WARN_COMMA = YES;
				CLANG_WARN_CONSTANT_CONVERSION = YES;
				CLANG_WARN_DEPRECATED_OBJC_IMPLEMENTATIONS = YES;
				CLANG_WARN_DIRECT_OBJC_ISA_USAGE = YES_ERROR;
				CLANG_WARN_DOCUMENTATION_COMMENTS = YES;
				CLANG_WARN_EMPTY_BODY = YES;
				CLANG_WARN_ENUM_CONVERSION = YES;
				CLANG_WARN_INFINITE_RECURSION = YES;
				CLANG_WARN_INT_CONVERSION = YES;
				CLANG_WARN_NON_LITERAL_NULL_CONVERSION = YES;
				CLANG_WARN_OBJC_IMPLICIT_RETAIN_SELF = YES;
				CLANG_WARN_OBJC_LITERAL_CONVERSION = YES;
				CLANG_WARN_OBJC_ROOT_CLASS = YES_ERROR;
				CLANG_WARN_RANGE_LOOP_ANALYSIS = YES;
				CLANG_WARN_STRICT_PROTOTYPES = YES;
				CLANG_WARN_SUSPICIOUS_MOVE = YES;
				CLANG_WARN_UNGUARDED_AVAILABILITY = YES_AGGRESSIVE;
				CLANG_WARN_UNREACHABLE_CODE = YES;
				CLANG_WARN__DUPLICATE_METHOD_MATCH = YES;
				CODE_SIGN_IDENTITY = "iPhone Developer";
				COPY_PHASE_STRIP = NO;
				DEBUG_INFORMATION_FORMAT = "dwarf-with-dsym";
				ENABLE_NS_ASSERTIONS = NO;
				ENABLE_STRICT_OBJC_MSGSEND = YES;
				GCC_C_LANGUAGE_STANDARD = gnu11;
				GCC_NO_COMMON_BLOCKS = YES;
				GCC_WARN_64_TO_32_BIT_CONVERSION = YES;
				GCC_WARN_ABOUT_RETURN_TYPE = YES_ERROR;
				GCC_WARN_UNDECLARED_SELECTOR = YES;
				GCC_WARN_UNINITIALIZED_AUTOS = YES_AGGRESSIVE;
				GCC_WARN_UNUSED_FUNCTION = YES;
				GCC_WARN_UNUSED_VARIABLE = YES;
				IPHONEOS_DEPLOYMENT_TARGET = 12.1;
				MTL_ENABLE_DEBUG_INFO = NO;
				MTL_FAST_MATH = YES;
				SDKROOT = iphoneos;
				SWIFT_COMPILATION_MODE = wholemodule;
				SWIFT_OPTIMIZATION_LEVEL = "-O";
				VALIDATE_PRODUCT = YES;
			};
			name = Release;
		};
		65DD33EC22CCFAE40004E671 /* Debug */ = {
			isa = XCBuildConfiguration;
			buildSettings = {
				ASSETCATALOG_COMPILER_APPICON_NAME = AppIcon;
				CODE_SIGN_STYLE = Automatic;
				DEVELOPMENT_TEAM = 497UEXZ83L;
				INFOPLIST_FILE = Whatchit/Info.plist;
				LD_RUNPATH_SEARCH_PATHS = (
					"$(inherited)",
					"@executable_path/Frameworks",
				);
				PRODUCT_BUNDLE_IDENTIFIER = com.AmalElgalant.Whatchit;
				PRODUCT_NAME = "$(TARGET_NAME)";
				SWIFT_VERSION = 4.2;
				TARGETED_DEVICE_FAMILY = "1,2";
			};
			name = Debug;
		};
		65DD33ED22CCFAE40004E671 /* Release */ = {
			isa = XCBuildConfiguration;
			buildSettings = {
				ASSETCATALOG_COMPILER_APPICON_NAME = AppIcon;
				CODE_SIGN_STYLE = Automatic;
				DEVELOPMENT_TEAM = 497UEXZ83L;
				INFOPLIST_FILE = Whatchit/Info.plist;
				LD_RUNPATH_SEARCH_PATHS = (
					"$(inherited)",
					"@executable_path/Frameworks",
				);
				PRODUCT_BUNDLE_IDENTIFIER = com.AmalElgalant.Whatchit;
				PRODUCT_NAME = "$(TARGET_NAME)";
				SWIFT_VERSION = 4.2;
				TARGETED_DEVICE_FAMILY = "1,2";
			};
			name = Release;
		};
		65DD33EF22CCFAE40004E671 /* Debug */ = {
			isa = XCBuildConfiguration;
			buildSettings = {
				ALWAYS_EMBED_SWIFT_STANDARD_LIBRARIES = YES;
				BUNDLE_LOADER = "$(TEST_HOST)";
				CODE_SIGN_STYLE = Automatic;
				DEVELOPMENT_TEAM = 497UEXZ83L;
				INFOPLIST_FILE = WhatchitTests/Info.plist;
				LD_RUNPATH_SEARCH_PATHS = (
					"$(inherited)",
					"@executable_path/Frameworks",
					"@loader_path/Frameworks",
				);
				PRODUCT_BUNDLE_IDENTIFIER = com.AmalElgalant.WhatchitTests;
				PRODUCT_NAME = "$(TARGET_NAME)";
				SWIFT_VERSION = 4.2;
				TARGETED_DEVICE_FAMILY = "1,2";
				TEST_HOST = "$(BUILT_PRODUCTS_DIR)/Whatchit.app/Whatchit";
			};
			name = Debug;
		};
		65DD33F022CCFAE40004E671 /* Release */ = {
			isa = XCBuildConfiguration;
			buildSettings = {
				ALWAYS_EMBED_SWIFT_STANDARD_LIBRARIES = YES;
				BUNDLE_LOADER = "$(TEST_HOST)";
				CODE_SIGN_STYLE = Automatic;
				DEVELOPMENT_TEAM = 497UEXZ83L;
				INFOPLIST_FILE = WhatchitTests/Info.plist;
				LD_RUNPATH_SEARCH_PATHS = (
					"$(inherited)",
					"@executable_path/Frameworks",
					"@loader_path/Frameworks",
				);
				PRODUCT_BUNDLE_IDENTIFIER = com.AmalElgalant.WhatchitTests;
				PRODUCT_NAME = "$(TARGET_NAME)";
				SWIFT_VERSION = 4.2;
				TARGETED_DEVICE_FAMILY = "1,2";
				TEST_HOST = "$(BUILT_PRODUCTS_DIR)/Whatchit.app/Whatchit";
			};
			name = Release;
		};
		65DD33F222CCFAE40004E671 /* Debug */ = {
			isa = XCBuildConfiguration;
			buildSettings = {
				ALWAYS_EMBED_SWIFT_STANDARD_LIBRARIES = YES;
				CODE_SIGN_STYLE = Automatic;
				DEVELOPMENT_TEAM = 497UEXZ83L;
				INFOPLIST_FILE = WhatchitUITests/Info.plist;
				LD_RUNPATH_SEARCH_PATHS = (
					"$(inherited)",
					"@executable_path/Frameworks",
					"@loader_path/Frameworks",
				);
				PRODUCT_BUNDLE_IDENTIFIER = com.AmalElgalant.WhatchitUITests;
				PRODUCT_NAME = "$(TARGET_NAME)";
				SWIFT_VERSION = 4.2;
				TARGETED_DEVICE_FAMILY = "1,2";
				TEST_TARGET_NAME = Whatchit;
			};
			name = Debug;
		};
		65DD33F322CCFAE40004E671 /* Release */ = {
			isa = XCBuildConfiguration;
			buildSettings = {
				ALWAYS_EMBED_SWIFT_STANDARD_LIBRARIES = YES;
				CODE_SIGN_STYLE = Automatic;
				DEVELOPMENT_TEAM = 497UEXZ83L;
				INFOPLIST_FILE = WhatchitUITests/Info.plist;
				LD_RUNPATH_SEARCH_PATHS = (
					"$(inherited)",
					"@executable_path/Frameworks",
					"@loader_path/Frameworks",
				);
				PRODUCT_BUNDLE_IDENTIFIER = com.AmalElgalant.WhatchitUITests;
				PRODUCT_NAME = "$(TARGET_NAME)";
				SWIFT_VERSION = 4.2;
				TARGETED_DEVICE_FAMILY = "1,2";
				TEST_TARGET_NAME = Whatchit;
			};
			name = Release;
		};
/* End XCBuildConfiguration section */

/* Begin XCConfigurationList section */
		65DD33BE22CCFAE20004E671 /* Build configuration list for PBXProject "Whatchit" */ = {
			isa = XCConfigurationList;
			buildConfigurations = (
				65DD33E922CCFAE40004E671 /* Debug */,
				65DD33EA22CCFAE40004E671 /* Release */,
			);
			defaultConfigurationIsVisible = 0;
			defaultConfigurationName = Release;
		};
		65DD33EB22CCFAE40004E671 /* Build configuration list for PBXNativeTarget "Whatchit" */ = {
			isa = XCConfigurationList;
			buildConfigurations = (
				65DD33EC22CCFAE40004E671 /* Debug */,
				65DD33ED22CCFAE40004E671 /* Release */,
			);
			defaultConfigurationIsVisible = 0;
			defaultConfigurationName = Release;
		};
		65DD33EE22CCFAE40004E671 /* Build configuration list for PBXNativeTarget "WhatchitTests" */ = {
			isa = XCConfigurationList;
			buildConfigurations = (
				65DD33EF22CCFAE40004E671 /* Debug */,
				65DD33F022CCFAE40004E671 /* Release */,
			);
			defaultConfigurationIsVisible = 0;
			defaultConfigurationName = Release;
		};
		65DD33F122CCFAE40004E671 /* Build configuration list for PBXNativeTarget "WhatchitUITests" */ = {
			isa = XCConfigurationList;
			buildConfigurations = (
				65DD33F222CCFAE40004E671 /* Debug */,
				65DD33F322CCFAE40004E671 /* Release */,
			);
			defaultConfigurationIsVisible = 0;
			defaultConfigurationName = Release;
		};
/* End XCConfigurationList section */
	};
	rootObject = 65DD33BB22CCFAE20004E671 /* Project object */;
}
